// !$*UTF8*$!
{
	archiveVersion = 1;
	classes = {
	};
	objectVersion = 52;
	objects = {

/* Begin PBXBuildFile section */
		5304985623BAC8C40076BD02 /* AppDelegate.swift in Sources */ = {isa = PBXBuildFile; fileRef = 5304985523BAC8C40076BD02 /* AppDelegate.swift */; };
		5304985823BAC8C40076BD02 /* SceneDelegate.swift in Sources */ = {isa = PBXBuildFile; fileRef = 5304985723BAC8C40076BD02 /* SceneDelegate.swift */; };
		5304985A23BAC8C40076BD02 /* ViewController.swift in Sources */ = {isa = PBXBuildFile; fileRef = 5304985923BAC8C40076BD02 /* ViewController.swift */; };
		5304985D23BAC8C40076BD02 /* Main.storyboard in Resources */ = {isa = PBXBuildFile; fileRef = 5304985B23BAC8C40076BD02 /* Main.storyboard */; };
		5304985F23BAC8CB0076BD02 /* Assets.xcassets in Resources */ = {isa = PBXBuildFile; fileRef = 5304985E23BAC8CB0076BD02 /* Assets.xcassets */; };
		5304986223BAC8CB0076BD02 /* LaunchScreen.storyboard in Resources */ = {isa = PBXBuildFile; fileRef = 5304986023BAC8CB0076BD02 /* LaunchScreen.storyboard */; };
		5321C4AC2456E93200178833 /* Article3TableViewController.swift in Sources */ = {isa = PBXBuildFile; fileRef = 5321C4AB2456E93200178833 /* Article3TableViewController.swift */; };
		5321C4AD2456E93200178833 /* Article3TableViewController.swift in Sources */ = {isa = PBXBuildFile; fileRef = 5321C4AB2456E93200178833 /* Article3TableViewController.swift */; };
		5321C4AF2456ECB500178833 /* MyTableViewCell.swift in Sources */ = {isa = PBXBuildFile; fileRef = 5321C4AE2456ECB500178833 /* MyTableViewCell.swift */; };
		5321C4B02456ECB500178833 /* MyTableViewCell.swift in Sources */ = {isa = PBXBuildFile; fileRef = 5321C4AE2456ECB500178833 /* MyTableViewCell.swift */; };
		5357F3EA23CDD578004DB18D /* Article1ViewController.swift in Sources */ = {isa = PBXBuildFile; fileRef = 5357F3E923CDD578004DB18D /* Article1ViewController.swift */; };
		53B15D8C23CE2A62003CCB6F /* Article2ViewController.swift in Sources */ = {isa = PBXBuildFile; fileRef = 53B15D8B23CE2A62003CCB6F /* Article2ViewController.swift */; };
		53C36159245CF1FC0057ED4F /* ContentInsightTracker.xcframework in Frameworks */ = {isa = PBXBuildFile; fileRef = 53C36156245CF1420057ED4F /* ContentInsightTracker.xcframework */; };
		53C3615A245CF1FC0057ED4F /* ContentInsightTracker.xcframework in Embed Frameworks */ = {isa = PBXBuildFile; fileRef = 53C36156245CF1420057ED4F /* ContentInsightTracker.xcframework */; settings = {ATTRIBUTES = (CodeSignOnCopy, ); }; };
		53C3615B245CF3CA0057ED4F /* ContentInsightTracker.xcframework in Frameworks */ = {isa = PBXBuildFile; fileRef = 53C36156245CF1420057ED4F /* ContentInsightTracker.xcframework */; };
		53C3615C245CF3CA0057ED4F /* ContentInsightTracker.xcframework in Embed Frameworks */ = {isa = PBXBuildFile; fileRef = 53C36156245CF1420057ED4F /* ContentInsightTracker.xcframework */; settings = {ATTRIBUTES = (CodeSignOnCopy, ); }; };
		53EA735723E0A5E20065738F /* Article2ViewController.swift in Sources */ = {isa = PBXBuildFile; fileRef = 53B15D8B23CE2A62003CCB6F /* Article2ViewController.swift */; };
		53EA735823E0A5E20065738F /* ViewController.swift in Sources */ = {isa = PBXBuildFile; fileRef = 5304985923BAC8C40076BD02 /* ViewController.swift */; };
		53EA735923E0A5E20065738F /* AppDelegate.swift in Sources */ = {isa = PBXBuildFile; fileRef = 5304985523BAC8C40076BD02 /* AppDelegate.swift */; };
		53EA735A23E0A5E20065738F /* SceneDelegate.swift in Sources */ = {isa = PBXBuildFile; fileRef = 5304985723BAC8C40076BD02 /* SceneDelegate.swift */; };
		53EA735B23E0A5E20065738F /* Article1ViewController.swift in Sources */ = {isa = PBXBuildFile; fileRef = 5357F3E923CDD578004DB18D /* Article1ViewController.swift */; };
		53EA735F23E0A5E20065738F /* LaunchScreen.storyboard in Resources */ = {isa = PBXBuildFile; fileRef = 5304986023BAC8CB0076BD02 /* LaunchScreen.storyboard */; };
		53EA736023E0A5E20065738F /* Assets.xcassets in Resources */ = {isa = PBXBuildFile; fileRef = 5304985E23BAC8CB0076BD02 /* Assets.xcassets */; };
		53EA736123E0A5E20065738F /* Main.storyboard in Resources */ = {isa = PBXBuildFile; fileRef = 5304985B23BAC8C40076BD02 /* Main.storyboard */; };
/* End PBXBuildFile section */

/* Begin PBXCopyFilesBuildPhase section */
		53B15D9023CE3449003CCB6F /* Embed Frameworks */ = {
			isa = PBXCopyFilesBuildPhase;
			buildActionMask = 2147483647;
			dstPath = "";
			dstSubfolderSpec = 10;
			files = (
				53C3615C245CF3CA0057ED4F /* ContentInsightTracker.xcframework in Embed Frameworks */,
			);
			name = "Embed Frameworks";
			runOnlyForDeploymentPostprocessing = 0;
		};
		53EA736223E0A5E20065738F /* Embed Frameworks */ = {
			isa = PBXCopyFilesBuildPhase;
			buildActionMask = 2147483647;
			dstPath = "";
			dstSubfolderSpec = 10;
			files = (
				53C3615A245CF1FC0057ED4F /* ContentInsightTracker.xcframework in Embed Frameworks */,
			);
			name = "Embed Frameworks";
			runOnlyForDeploymentPostprocessing = 0;
		};
/* End PBXCopyFilesBuildPhase section */

/* Begin PBXFileReference section */
		5304985223BAC8C40076BD02 /* CISDKDemoApp.app */ = {isa = PBXFileReference; explicitFileType = wrapper.application; includeInIndex = 0; path = CISDKDemoApp.app; sourceTree = BUILT_PRODUCTS_DIR; };
		5304985523BAC8C40076BD02 /* AppDelegate.swift */ = {isa = PBXFileReference; lastKnownFileType = sourcecode.swift; path = AppDelegate.swift; sourceTree = "<group>"; };
		5304985723BAC8C40076BD02 /* SceneDelegate.swift */ = {isa = PBXFileReference; lastKnownFileType = sourcecode.swift; path = SceneDelegate.swift; sourceTree = "<group>"; };
		5304985923BAC8C40076BD02 /* ViewController.swift */ = {isa = PBXFileReference; lastKnownFileType = sourcecode.swift; path = ViewController.swift; sourceTree = "<group>"; };
		5304985C23BAC8C40076BD02 /* Base */ = {isa = PBXFileReference; lastKnownFileType = file.storyboard; name = Base; path = Base.lproj/Main.storyboard; sourceTree = "<group>"; };
		5304985E23BAC8CB0076BD02 /* Assets.xcassets */ = {isa = PBXFileReference; lastKnownFileType = folder.assetcatalog; path = Assets.xcassets; sourceTree = "<group>"; };
		5304986123BAC8CB0076BD02 /* Base */ = {isa = PBXFileReference; lastKnownFileType = file.storyboard; name = Base; path = Base.lproj/LaunchScreen.storyboard; sourceTree = "<group>"; };
		5304986323BAC8CB0076BD02 /* Info.plist */ = {isa = PBXFileReference; lastKnownFileType = text.plist.xml; path = Info.plist; sourceTree = "<group>"; };
		5321C4AB2456E93200178833 /* Article3TableViewController.swift */ = {isa = PBXFileReference; lastKnownFileType = sourcecode.swift; path = Article3TableViewController.swift; sourceTree = "<group>"; };
		5321C4AE2456ECB500178833 /* MyTableViewCell.swift */ = {isa = PBXFileReference; lastKnownFileType = sourcecode.swift; path = MyTableViewCell.swift; sourceTree = "<group>"; };
		5357F3E923CDD578004DB18D /* Article1ViewController.swift */ = {isa = PBXFileReference; lastKnownFileType = sourcecode.swift; path = Article1ViewController.swift; sourceTree = "<group>"; };
		53B15D8B23CE2A62003CCB6F /* Article2ViewController.swift */ = {isa = PBXFileReference; lastKnownFileType = sourcecode.swift; path = Article2ViewController.swift; sourceTree = "<group>"; };
		53C36156245CF1420057ED4F /* ContentInsightTracker.xcframework */ = {isa = PBXFileReference; lastKnownFileType = wrapper.xcframework; path = ContentInsightTracker.xcframework; sourceTree = "<group>"; };
		53EA736723E0A5E20065738F /* CISDKDemoApp ADHock.app */ = {isa = PBXFileReference; explicitFileType = wrapper.application; includeInIndex = 0; path = "CISDKDemoApp ADHock.app"; sourceTree = BUILT_PRODUCTS_DIR; };
		53EA736823E0A5E30065738F /* CISDKDemoApp copy-Info.plist */ = {isa = PBXFileReference; lastKnownFileType = text.plist.xml; name = "CISDKDemoApp copy-Info.plist"; path = "/Users/goran/Xcode Projects/Developer/Moji Klijenti/Content Insights/CI 2020/CIDemoApp2020 For SDK 1.1/CISDKDemoApp/CISDKDemoApp copy-Info.plist"; sourceTree = "<absolute>"; };
/* End PBXFileReference section */

/* Begin PBXFrameworksBuildPhase section */
		5304984F23BAC8C40076BD02 /* Frameworks */ = {
			isa = PBXFrameworksBuildPhase;
			buildActionMask = 2147483647;
			files = (
				53C3615B245CF3CA0057ED4F /* ContentInsightTracker.xcframework in Frameworks */,
			);
			runOnlyForDeploymentPostprocessing = 0;
		};
		53EA735C23E0A5E20065738F /* Frameworks */ = {
			isa = PBXFrameworksBuildPhase;
			buildActionMask = 2147483647;
			files = (
				53C36159245CF1FC0057ED4F /* ContentInsightTracker.xcframework in Frameworks */,
			);
			runOnlyForDeploymentPostprocessing = 0;
		};
/* End PBXFrameworksBuildPhase section */

/* Begin PBXGroup section */
		5304984923BAC8C40076BD02 = {
			isa = PBXGroup;
			children = (
				5304985423BAC8C40076BD02 /* CISDKDemoApp */,
				5304985323BAC8C40076BD02 /* Products */,
				53D5187C23CCE6CC00636ACA /* Frameworks */,
				53EA736823E0A5E30065738F /* CISDKDemoApp copy-Info.plist */,
			);
			sourceTree = "<group>";
		};
		5304985323BAC8C40076BD02 /* Products */ = {
			isa = PBXGroup;
			children = (
				5304985223BAC8C40076BD02 /* CISDKDemoApp.app */,
				53EA736723E0A5E20065738F /* CISDKDemoApp ADHock.app */,
			);
			name = Products;
			sourceTree = "<group>";
		};
		5304985423BAC8C40076BD02 /* CISDKDemoApp */ = {
			isa = PBXGroup;
			children = (
				5304985523BAC8C40076BD02 /* AppDelegate.swift */,
				5304985723BAC8C40076BD02 /* SceneDelegate.swift */,
				5304985923BAC8C40076BD02 /* ViewController.swift */,
				5357F3E923CDD578004DB18D /* Article1ViewController.swift */,
				53B15D8B23CE2A62003CCB6F /* Article2ViewController.swift */,
				5321C4AB2456E93200178833 /* Article3TableViewController.swift */,
				5321C4AE2456ECB500178833 /* MyTableViewCell.swift */,
				5304985B23BAC8C40076BD02 /* Main.storyboard */,
				5304985E23BAC8CB0076BD02 /* Assets.xcassets */,
				5304986023BAC8CB0076BD02 /* LaunchScreen.storyboard */,
				5304986323BAC8CB0076BD02 /* Info.plist */,
			);
			path = CISDKDemoApp;
			sourceTree = "<group>";
		};
		53D5187C23CCE6CC00636ACA /* Frameworks */ = {
			isa = PBXGroup;
			children = (
				53C36156245CF1420057ED4F /* ContentInsightTracker.xcframework */,
			);
			name = Frameworks;
			sourceTree = "<group>";
		};
/* End PBXGroup section */

/* Begin PBXNativeTarget section */
		5304985123BAC8C40076BD02 /* CISDKDemoApp */ = {
			isa = PBXNativeTarget;
			buildConfigurationList = 5304986623BAC8CB0076BD02 /* Build configuration list for PBXNativeTarget "CISDKDemoApp" */;
			buildPhases = (
				5304984E23BAC8C40076BD02 /* Sources */,
				5304984F23BAC8C40076BD02 /* Frameworks */,
				5304985023BAC8C40076BD02 /* Resources */,
				53B15D9023CE3449003CCB6F /* Embed Frameworks */,
			);
			buildRules = (
			);
			dependencies = (
			);
			name = CISDKDemoApp;
			productName = CISDKDemoApp;
			productReference = 5304985223BAC8C40076BD02 /* CISDKDemoApp.app */;
			productType = "com.apple.product-type.application";
		};
		53EA735523E0A5E20065738F /* CISDKDemoApp ADHock */ = {
			isa = PBXNativeTarget;
			buildConfigurationList = 53EA736423E0A5E20065738F /* Build configuration list for PBXNativeTarget "CISDKDemoApp ADHock" */;
			buildPhases = (
				53EA735623E0A5E20065738F /* Sources */,
				53EA735C23E0A5E20065738F /* Frameworks */,
				53EA735E23E0A5E20065738F /* Resources */,
				53EA736223E0A5E20065738F /* Embed Frameworks */,
			);
			buildRules = (
			);
			dependencies = (
			);
			name = "CISDKDemoApp ADHock";
			productName = CISDKDemoApp;
			productReference = 53EA736723E0A5E20065738F /* CISDKDemoApp ADHock.app */;
			productType = "com.apple.product-type.application";
		};
/* End PBXNativeTarget section */

/* Begin PBXProject section */
		5304984A23BAC8C40076BD02 /* Project object */ = {
			isa = PBXProject;
			attributes = {
				LastSwiftUpdateCheck = 1130;
				LastUpgradeCheck = 1130;
				ORGANIZATIONNAME = "Goran Gasic";
				TargetAttributes = {
					5304985123BAC8C40076BD02 = {
						CreatedOnToolsVersion = 11.3;
					};
				};
			};
			buildConfigurationList = 5304984D23BAC8C40076BD02 /* Build configuration list for PBXProject "CISDKDemoApp" */;
			compatibilityVersion = "Xcode 9.3";
			developmentRegion = en;
			hasScannedForEncodings = 0;
			knownRegions = (
				en,
				Base,
			);
			mainGroup = 5304984923BAC8C40076BD02;
			productRefGroup = 5304985323BAC8C40076BD02 /* Products */;
			projectDirPath = "";
			projectRoot = "";
			targets = (
				5304985123BAC8C40076BD02 /* CISDKDemoApp */,
				53EA735523E0A5E20065738F /* CISDKDemoApp ADHock */,
			);
		};
/* End PBXProject section */

/* Begin PBXResourcesBuildPhase section */
		5304985023BAC8C40076BD02 /* Resources */ = {
			isa = PBXResourcesBuildPhase;
			buildActionMask = 2147483647;
			files = (
				5304986223BAC8CB0076BD02 /* LaunchScreen.storyboard in Resources */,
				5304985F23BAC8CB0076BD02 /* Assets.xcassets in Resources */,
				5304985D23BAC8C40076BD02 /* Main.storyboard in Resources */,
			);
			runOnlyForDeploymentPostprocessing = 0;
		};
		53EA735E23E0A5E20065738F /* Resources */ = {
			isa = PBXResourcesBuildPhase;
			buildActionMask = 2147483647;
			files = (
				53EA735F23E0A5E20065738F /* LaunchScreen.storyboard in Resources */,
				53EA736023E0A5E20065738F /* Assets.xcassets in Resources */,
				53EA736123E0A5E20065738F /* Main.storyboard in Resources */,
			);
			runOnlyForDeploymentPostprocessing = 0;
		};
/* End PBXResourcesBuildPhase section */

/* Begin PBXSourcesBuildPhase section */
		5304984E23BAC8C40076BD02 /* Sources */ = {
			isa = PBXSourcesBuildPhase;
			buildActionMask = 2147483647;
			files = (
				5321C4AF2456ECB500178833 /* MyTableViewCell.swift in Sources */,
				5321C4AC2456E93200178833 /* Article3TableViewController.swift in Sources */,
				53B15D8C23CE2A62003CCB6F /* Article2ViewController.swift in Sources */,
				5304985A23BAC8C40076BD02 /* ViewController.swift in Sources */,
				5304985623BAC8C40076BD02 /* AppDelegate.swift in Sources */,
				5304985823BAC8C40076BD02 /* SceneDelegate.swift in Sources */,
				5357F3EA23CDD578004DB18D /* Article1ViewController.swift in Sources */,
			);
			runOnlyForDeploymentPostprocessing = 0;
		};
		53EA735623E0A5E20065738F /* Sources */ = {
			isa = PBXSourcesBuildPhase;
			buildActionMask = 2147483647;
			files = (
				5321C4B02456ECB500178833 /* MyTableViewCell.swift in Sources */,
				5321C4AD2456E93200178833 /* Article3TableViewController.swift in Sources */,
				53EA735723E0A5E20065738F /* Article2ViewController.swift in Sources */,
				53EA735823E0A5E20065738F /* ViewController.swift in Sources */,
				53EA735923E0A5E20065738F /* AppDelegate.swift in Sources */,
				53EA735A23E0A5E20065738F /* SceneDelegate.swift in Sources */,
				53EA735B23E0A5E20065738F /* Article1ViewController.swift in Sources */,
			);
			runOnlyForDeploymentPostprocessing = 0;
		};
/* End PBXSourcesBuildPhase section */

/* Begin PBXVariantGroup section */
		5304985B23BAC8C40076BD02 /* Main.storyboard */ = {
			isa = PBXVariantGroup;
			children = (
				5304985C23BAC8C40076BD02 /* Base */,
			);
			name = Main.storyboard;
			sourceTree = "<group>";
		};
		5304986023BAC8CB0076BD02 /* LaunchScreen.storyboard */ = {
			isa = PBXVariantGroup;
			children = (
				5304986123BAC8CB0076BD02 /* Base */,
			);
			name = LaunchScreen.storyboard;
			sourceTree = "<group>";
		};
/* End PBXVariantGroup section */

/* Begin XCBuildConfiguration section */
		5304986423BAC8CB0076BD02 /* Debug */ = {
			isa = XCBuildConfiguration;
			buildSettings = {
				ALWAYS_SEARCH_USER_PATHS = NO;
				CLANG_ANALYZER_NONNULL = YES;
				CLANG_ANALYZER_NUMBER_OBJECT_CONVERSION = YES_AGGRESSIVE;
				CLANG_CXX_LANGUAGE_STANDARD = "gnu++14";
				CLANG_CXX_LIBRARY = "libc++";
				CLANG_ENABLE_MODULES = YES;
				CLANG_ENABLE_OBJC_ARC = YES;
				CLANG_ENABLE_OBJC_WEAK = YES;
				CLANG_WARN_BLOCK_CAPTURE_AUTORELEASING = YES;
				CLANG_WARN_BOOL_CONVERSION = YES;
				CLANG_WARN_COMMA = YES;
				CLANG_WARN_CONSTANT_CONVERSION = YES;
				CLANG_WARN_DEPRECATED_OBJC_IMPLEMENTATIONS = YES;
				CLANG_WARN_DIRECT_OBJC_ISA_USAGE = YES_ERROR;
				CLANG_WARN_DOCUMENTATION_COMMENTS = YES;
				CLANG_WARN_EMPTY_BODY = YES;
				CLANG_WARN_ENUM_CONVERSION = YES;
				CLANG_WARN_INFINITE_RECURSION = YES;
				CLANG_WARN_INT_CONVERSION = YES;
				CLANG_WARN_NON_LITERAL_NULL_CONVERSION = YES;
				CLANG_WARN_OBJC_IMPLICIT_RETAIN_SELF = YES;
				CLANG_WARN_OBJC_LITERAL_CONVERSION = YES;
				CLANG_WARN_OBJC_ROOT_CLASS = YES_ERROR;
				CLANG_WARN_RANGE_LOOP_ANALYSIS = YES;
				CLANG_WARN_STRICT_PROTOTYPES = YES;
				CLANG_WARN_SUSPICIOUS_MOVE = YES;
				CLANG_WARN_UNGUARDED_AVAILABILITY = YES_AGGRESSIVE;
				CLANG_WARN_UNREACHABLE_CODE = YES;
				CLANG_WARN__DUPLICATE_METHOD_MATCH = YES;
				COPY_PHASE_STRIP = NO;
				DEBUG_INFORMATION_FORMAT = dwarf;
				ENABLE_STRICT_OBJC_MSGSEND = YES;
				ENABLE_TESTABILITY = YES;
				GCC_C_LANGUAGE_STANDARD = gnu11;
				GCC_DYNAMIC_NO_PIC = NO;
				GCC_NO_COMMON_BLOCKS = YES;
				GCC_OPTIMIZATION_LEVEL = 0;
				GCC_PREPROCESSOR_DEFINITIONS = (
					"DEBUG=1",
					"$(inherited)",
				);
				GCC_WARN_64_TO_32_BIT_CONVERSION = YES;
				GCC_WARN_ABOUT_RETURN_TYPE = YES_ERROR;
				GCC_WARN_UNDECLARED_SELECTOR = YES;
				GCC_WARN_UNINITIALIZED_AUTOS = YES_AGGRESSIVE;
				GCC_WARN_UNUSED_FUNCTION = YES;
				GCC_WARN_UNUSED_VARIABLE = YES;
				IPHONEOS_DEPLOYMENT_TARGET = 13.2;
				MTL_ENABLE_DEBUG_INFO = INCLUDE_SOURCE;
				MTL_FAST_MATH = YES;
				ONLY_ACTIVE_ARCH = YES;
				SDKROOT = iphoneos;
				SWIFT_ACTIVE_COMPILATION_CONDITIONS = DEBUG;
				SWIFT_OPTIMIZATION_LEVEL = "-Onone";
			};
			name = Debug;
		};
		5304986523BAC8CB0076BD02 /* Release */ = {
			isa = XCBuildConfiguration;
			buildSettings = {
				ALWAYS_SEARCH_USER_PATHS = NO;
				CLANG_ANALYZER_NONNULL = YES;
				CLANG_ANALYZER_NUMBER_OBJECT_CONVERSION = YES_AGGRESSIVE;
				CLANG_CXX_LANGUAGE_STANDARD = "gnu++14";
				CLANG_CXX_LIBRARY = "libc++";
				CLANG_ENABLE_MODULES = YES;
				CLANG_ENABLE_OBJC_ARC = YES;
				CLANG_ENABLE_OBJC_WEAK = YES;
				CLANG_WARN_BLOCK_CAPTURE_AUTORELEASING = YES;
				CLANG_WARN_BOOL_CONVERSION = YES;
				CLANG_WARN_COMMA = YES;
				CLANG_WARN_CONSTANT_CONVERSION = YES;
				CLANG_WARN_DEPRECATED_OBJC_IMPLEMENTATIONS = YES;
				CLANG_WARN_DIRECT_OBJC_ISA_USAGE = YES_ERROR;
				CLANG_WARN_DOCUMENTATION_COMMENTS = YES;
				CLANG_WARN_EMPTY_BODY = YES;
				CLANG_WARN_ENUM_CONVERSION = YES;
				CLANG_WARN_INFINITE_RECURSION = YES;
				CLANG_WARN_INT_CONVERSION = YES;
				CLANG_WARN_NON_LITERAL_NULL_CONVERSION = YES;
				CLANG_WARN_OBJC_IMPLICIT_RETAIN_SELF = YES;
				CLANG_WARN_OBJC_LITERAL_CONVERSION = YES;
				CLANG_WARN_OBJC_ROOT_CLASS = YES_ERROR;
				CLANG_WARN_RANGE_LOOP_ANALYSIS = YES;
				CLANG_WARN_STRICT_PROTOTYPES = YES;
				CLANG_WARN_SUSPICIOUS_MOVE = YES;
				CLANG_WARN_UNGUARDED_AVAILABILITY = YES_AGGRESSIVE;
				CLANG_WARN_UNREACHABLE_CODE = YES;
				CLANG_WARN__DUPLICATE_METHOD_MATCH = YES;
				COPY_PHASE_STRIP = NO;
				DEBUG_INFORMATION_FORMAT = "dwarf-with-dsym";
				ENABLE_NS_ASSERTIONS = NO;
				ENABLE_STRICT_OBJC_MSGSEND = YES;
				GCC_C_LANGUAGE_STANDARD = gnu11;
				GCC_NO_COMMON_BLOCKS = YES;
				GCC_WARN_64_TO_32_BIT_CONVERSION = YES;
				GCC_WARN_ABOUT_RETURN_TYPE = YES_ERROR;
				GCC_WARN_UNDECLARED_SELECTOR = YES;
				GCC_WARN_UNINITIALIZED_AUTOS = YES_AGGRESSIVE;
				GCC_WARN_UNUSED_FUNCTION = YES;
				GCC_WARN_UNUSED_VARIABLE = YES;
				IPHONEOS_DEPLOYMENT_TARGET = 13.2;
				MTL_ENABLE_DEBUG_INFO = NO;
				MTL_FAST_MATH = YES;
				SDKROOT = iphoneos;
				SWIFT_COMPILATION_MODE = wholemodule;
				SWIFT_OPTIMIZATION_LEVEL = "-O";
				VALIDATE_PRODUCT = YES;
			};
			name = Release;
		};
		5304986723BAC8CB0076BD02 /* Debug */ = {
			isa = XCBuildConfiguration;
			buildSettings = {
				ASSETCATALOG_COMPILER_APPICON_NAME = AppIcon;
				CODE_SIGN_STYLE = Automatic;
				CURRENT_PROJECT_VERSION = 2;
				DEVELOPMENT_TEAM = Z3G4S27483;
				INFOPLIST_FILE = CISDKDemoApp/Info.plist;
				IPHONEOS_DEPLOYMENT_TARGET = 9.0;
				LD_RUNPATH_SEARCH_PATHS = (
					"$(inherited)",
					"@executable_path/Frameworks",
				);
				MARKETING_VERSION = 1.2;
				PRODUCT_BUNDLE_IDENTIFIER = gg.CIDemo;
				PRODUCT_NAME = "$(TARGET_NAME)";
				SWIFT_VERSION = 5.0;
				TARGETED_DEVICE_FAMILY = "1,2";
			};
			name = Debug;
		};
		5304986823BAC8CB0076BD02 /* Release */ = {
			isa = XCBuildConfiguration;
			buildSettings = {
				ASSETCATALOG_COMPILER_APPICON_NAME = AppIcon;
				CODE_SIGN_STYLE = Automatic;
				CURRENT_PROJECT_VERSION = 2;
				DEVELOPMENT_TEAM = Z3G4S27483;
				INFOPLIST_FILE = CISDKDemoApp/Info.plist;
				IPHONEOS_DEPLOYMENT_TARGET = 9.0;
				LD_RUNPATH_SEARCH_PATHS = (
					"$(inherited)",
					"@executable_path/Frameworks",
				);
				MARKETING_VERSION = 1.2;
				PRODUCT_BUNDLE_IDENTIFIER = gg.CIDemo;
				PRODUCT_NAME = "$(TARGET_NAME)";
				SWIFT_VERSION = 5.0;
				TARGETED_DEVICE_FAMILY = "1,2";
			};
			name = Release;
		};
		53EA736523E0A5E20065738F /* Debug */ = {
			isa = XCBuildConfiguration;
			buildSettings = {
				ASSETCATALOG_COMPILER_APPICON_NAME = AppIcon;
				CODE_SIGN_IDENTITY = "iPhone Distribution";
				CODE_SIGN_STYLE = Manual;
				CURRENT_PROJECT_VERSION = 2;
				DEVELOPMENT_TEAM = Z3G4S27483;
				INFOPLIST_FILE = "CISDKDemoApp copy-Info.plist";
				IPHONEOS_DEPLOYMENT_TARGET = 9.0;
				LD_RUNPATH_SEARCH_PATHS = (
					"$(inherited)",
					"@executable_path/Frameworks",
				);
				MARKETING_VERSION = 1.2;
				PRODUCT_BUNDLE_IDENTIFIER = "com.Goran-Gasic.Content-Inisgts-SDK-Example";
				PRODUCT_NAME = "$(TARGET_NAME)";
				PROVISIONING_PROFILE_SPECIFIER = ContentIsightsExampleAdHock;
				SWIFT_VERSION = 5.0;
				TARGETED_DEVICE_FAMILY = "1,2";
			};
			name = Debug;
		};
		53EA736623E0A5E20065738F /* Release */ = {
			isa = XCBuildConfiguration;
			buildSettings = {
				ASSETCATALOG_COMPILER_APPICON_NAME = AppIcon;
				CODE_SIGN_IDENTITY = "iPhone Distribution";
				CODE_SIGN_STYLE = Manual;
				CURRENT_PROJECT_VERSION = 2;
				DEVELOPMENT_TEAM = Z3G4S27483;
				INFOPLIST_FILE = "CISDKDemoApp copy-Info.plist";
				IPHONEOS_DEPLOYMENT_TARGET = 9.0;
				LD_RUNPATH_SEARCH_PATHS = (
					"$(inherited)",
					"@executable_path/Frameworks",
				);
				MARKETING_VERSION = 1.2;
				PRODUCT_BUNDLE_IDENTIFIER = "com.Goran-Gasic.Content-Inisgts-SDK-Example";
				PRODUCT_NAME = "$(TARGET_NAME)";
				PROVISIONING_PROFILE_SPECIFIER = ContentIsightsExampleAdHock;
				SWIFT_VERSION = 5.0;
				TARGETED_DEVICE_FAMILY = "1,2";
			};
			name = Release;
		};
/* End XCBuildConfiguration section */

/* Begin XCConfigurationList section */
		5304984D23BAC8C40076BD02 /* Build configuration list for PBXProject "CISDKDemoApp" */ = {
			isa = XCConfigurationList;
			buildConfigurations = (
				5304986423BAC8CB0076BD02 /* Debug */,
				5304986523BAC8CB0076BD02 /* Release */,
			);
			defaultConfigurationIsVisible = 0;
			defaultConfigurationName = Release;
		};
		5304986623BAC8CB0076BD02 /* Build configuration list for PBXNativeTarget "CISDKDemoApp" */ = {
			isa = XCConfigurationList;
			buildConfigurations = (
				5304986723BAC8CB0076BD02 /* Debug */,
				5304986823BAC8CB0076BD02 /* Release */,
			);
			defaultConfigurationIsVisible = 0;
			defaultConfigurationName = Release;
		};
		53EA736423E0A5E20065738F /* Build configuration list for PBXNativeTarget "CISDKDemoApp ADHock" */ = {
			isa = XCConfigurationList;
			buildConfigurations = (
				53EA736523E0A5E20065738F /* Debug */,
				53EA736623E0A5E20065738F /* Release */,
			);
			defaultConfigurationIsVisible = 0;
			defaultConfigurationName = Release;
		};
/* End XCConfigurationList section */
	};
	rootObject = 5304984A23BAC8C40076BD02 /* Project object */;
}
